Microsoft Visual Studio Solution File, Format Version 12.00
# Visual Studio Version 17
VisualStudioVersion = 17.0.31611.283
MinimumVisualStudioVersion = 10.0.40219.1
Project("{9A19103F-16F7-4668-BE54-9A1E7A4F7556}") = "Mobile-Field-App", "Mobile-Field-App\Mobile-Field-App.csproj", "{1AF85B88-4473-4732-8F5C-0064229C4FCA}"
EndProject
Project("{9A19103F-16F7-4668-BE54-9A1E7A4F7556}") = "API-Whisperer", "API-Whisperer\API-Whisperer\API-Whisperer.csproj", "{AB3EC646-8D08-40A0-8507-819444C87379}"
EndProject
Global
	GlobalSection(SolutionConfigurationPlatforms) = preSolution
		Debug|Any CPU = Debug|Any CPU
		Release|Any CPU = Release|Any CPU
	EndGlobalSection
	GlobalSection(ProjectConfigurationPlatforms) = postSolution
		{1AF85B88-4473-4732-8F5C-0064229C4FCA}.Debug|Any CPU.ActiveCfg = Debug|Any CPU
		{1AF85B88-4473-4732-8F5C-0064229C4FCA}.Debug|Any CPU.Build.0 = Debug|Any CPU
		{1AF85B88-4473-4732-8F5C-0064229C4FCA}.Debug|Any CPU.Deploy.0 = Debug|Any CPU
		{1AF85B88-4473-4732-8F5C-0064229C4FCA}.Release|Any CPU.ActiveCfg = Release|Any CPU
		{1AF85B88-4473-4732-8F5C-0064229C4FCA}.Release|Any CPU.Build.0 = Release|Any CPU
		{1AF85B88-4473-4732-8F5C-0064229C4FCA}.Release|Any CPU.Deploy.0 = Release|Any CPU
		{AB3EC646-8D08-40A0-8507-819444C87379}.Debug|Any CPU.ActiveCfg = Debug|Any CPU
		{AB3EC646-8D08-40A0-8507-819444C87379}.Debug|Any CPU.Build.0 = Debug|Any CPU
		{AB3EC646-8D08-40A0-8507-819444C87379}.Release|Any CPU.ActiveCfg = Release|Any CPU
		{AB3EC646-8D08-40A0-8507-819444C87379}.Release|Any CPU.Build.0 = Release|Any CPU
	EndGlobalSection
	GlobalSection(SolutionProperties) = preSolution
		HideSolutionNode = FALSE
	EndGlobalSection
	GlobalSection(ExtensibilityGlobals) = postSolution
		SolutionGuid = {61F7FB11-1E47-470C-91E2-47F8143E1572}
	EndGlobalSection
EndGlobal
